
Microsoft Visual Studio Solution File, Format Version 12.00
# Visual Studio Version 16
VisualStudioVersion = 25.0.1706.2
MinimumVisualStudioVersion = 10.0.40219.1
Project("{FAE04EC0-301F-11D3-BF4B-00C04F79EFBC}") = "TradeHub", "TradeHub\TradeHub.csproj", "{98181662-DA24-4201-9249-23D34D6FA4BC}"
EndProject
Project("{FAE04EC0-301F-11D3-BF4B-00C04F79EFBC}") = "Infrastructure", "Infrastructure\Infrastructure.csproj", "{9E23D267-033D-4829-AF46-0CBDB490294B}"
EndProject
Project("{FAE04EC0-301F-11D3-BF4B-00C04F79EFBC}") = "DataAccess", "DataAccess\DataAccess.csproj", "{9EE3A688-9C7F-4D42-8F04-9A9F9D23631C}"
EndProject
Project("{FAE04EC0-301F-11D3-BF4B-00C04F79EFBC}") = "Utility", "Utility\Utility.csproj", "{80A55804-6566-4A86-82EC-BC2D9E6EF80B}"
EndProject
Global
	GlobalSection(SolutionConfigurationPlatforms) = preSolution
		Debug|Any CPU = Debug|Any CPU
		Release|Any CPU = Release|Any CPU
	EndGlobalSection
	GlobalSection(ProjectConfigurationPlatforms) = postSolution
		{98181662-DA24-4201-9249-23D34D6FA4BC}.Debug|Any CPU.ActiveCfg = Debug|Any CPU
		{98181662-DA24-4201-9249-23D34D6FA4BC}.Debug|Any CPU.Build.0 = Debug|Any CPU
		{98181662-DA24-4201-9249-23D34D6FA4BC}.Release|Any CPU.ActiveCfg = Release|Any CPU
		{98181662-DA24-4201-9249-23D34D6FA4BC}.Release|Any CPU.Build.0 = Release|Any CPU
		{9E23D267-033D-4829-AF46-0CBDB490294B}.Debug|Any CPU.ActiveCfg = Debug|Any CPU
		{9E23D267-033D-4829-AF46-0CBDB490294B}.Debug|Any CPU.Build.0 = Debug|Any CPU
		{9E23D267-033D-4829-AF46-0CBDB490294B}.Release|Any CPU.ActiveCfg = Release|Any CPU
		{9E23D267-033D-4829-AF46-0CBDB490294B}.Release|Any CPU.Build.0 = Release|Any CPU
		{9EE3A688-9C7F-4D42-8F04-9A9F9D23631C}.Debug|Any CPU.ActiveCfg = Debug|Any CPU
		{9EE3A688-9C7F-4D42-8F04-9A9F9D23631C}.Debug|Any CPU.Build.0 = Debug|Any CPU
		{9EE3A688-9C7F-4D42-8F04-9A9F9D23631C}.Release|Any CPU.ActiveCfg = Release|Any CPU
		{9EE3A688-9C7F-4D42-8F04-9A9F9D23631C}.Release|Any CPU.Build.0 = Release|Any CPU
		{80A55804-6566-4A86-82EC-BC2D9E6EF80B}.Debug|Any CPU.ActiveCfg = Debug|Any CPU
		{80A55804-6566-4A86-82EC-BC2D9E6EF80B}.Debug|Any CPU.Build.0 = Debug|Any CPU
		{80A55804-6566-4A86-82EC-BC2D9E6EF80B}.Release|Any CPU.ActiveCfg = Release|Any CPU
		{80A55804-6566-4A86-82EC-BC2D9E6EF80B}.Release|Any CPU.Build.0 = Release|Any CPU
	EndGlobalSection
	GlobalSection(SolutionProperties) = preSolution
		HideSolutionNode = FALSE
	EndGlobalSection
	GlobalSection(ExtensibilityGlobals) = postSolution
		SolutionGuid = {D0C7AF3D-C31B-45ED-A0B8-3F64DA780370}
	EndGlobalSection
EndGlobal
